// !$*UTF8*$!
{
	archiveVersion = 1;
	classes = {
	};
	objectVersion = 46;
	objects = {

/* Begin PBXBuildFile section */
		5F1E01510B0708DEC1DFEA57 /* Pods_ExampleFolingCell.framework in Frameworks */ = {isa = PBXBuildFile; fileRef = DAD9706B58007006233A5F0E /* Pods_ExampleFolingCell.framework */; };
		F9C16AB41DC7168800E42309 /* AppDelegate.swift in Sources */ = {isa = PBXBuildFile; fileRef = F9C16AB31DC7168800E42309 /* AppDelegate.swift */; };
		F9C16AB91DC7168800E42309 /* Main.storyboard in Resources */ = {isa = PBXBuildFile; fileRef = F9C16AB71DC7168800E42309 /* Main.storyboard */; };
		F9C16ABB1DC7168800E42309 /* Assets.xcassets in Resources */ = {isa = PBXBuildFile; fileRef = F9C16ABA1DC7168800E42309 /* Assets.xcassets */; };
		F9C16ABE1DC7168800E42309 /* LaunchScreen.storyboard in Resources */ = {isa = PBXBuildFile; fileRef = F9C16ABC1DC7168800E42309 /* LaunchScreen.storyboard */; };
		F9C16AE91DC72E7000E42309 /* DemoCell.swift in Sources */ = {isa = PBXBuildFile; fileRef = F9C16AE71DC72E7000E42309 /* DemoCell.swift */; };
		F9C16AEA1DC72E7000E42309 /* MainTableViewController.swift in Sources */ = {isa = PBXBuildFile; fileRef = F9C16AE81DC72E7000E42309 /* MainTableViewController.swift */; };
/* End PBXBuildFile section */

/* Begin PBXFileReference section */
		01A5A1057E66AD55F785CE1F /* Pods-ExampleFolingCell.release.xcconfig */ = {isa = PBXFileReference; includeInIndex = 1; lastKnownFileType = text.xcconfig; name = "Pods-ExampleFolingCell.release.xcconfig"; path = "Pods/Target Support Files/Pods-ExampleFolingCell/Pods-ExampleFolingCell.release.xcconfig"; sourceTree = "<group>"; };
		7A6C7AA528E37E51DD60B89D /* Pods-ExampleFolingCell.debug.xcconfig */ = {isa = PBXFileReference; includeInIndex = 1; lastKnownFileType = text.xcconfig; name = "Pods-ExampleFolingCell.debug.xcconfig"; path = "Pods/Target Support Files/Pods-ExampleFolingCell/Pods-ExampleFolingCell.debug.xcconfig"; sourceTree = "<group>"; };
		DAD9706B58007006233A5F0E /* Pods_ExampleFolingCell.framework */ = {isa = PBXFileReference; explicitFileType = wrapper.framework; includeInIndex = 0; path = Pods_ExampleFolingCell.framework; sourceTree = BUILT_PRODUCTS_DIR; };
		F9C16AB01DC7168800E42309 /* ExampleFolingCell.app */ = {isa = PBXFileReference; explicitFileType = wrapper.application; includeInIndex = 0; path = ExampleFolingCell.app; sourceTree = BUILT_PRODUCTS_DIR; };
		F9C16AB31DC7168800E42309 /* AppDelegate.swift */ = {isa = PBXFileReference; lastKnownFileType = sourcecode.swift; path = AppDelegate.swift; sourceTree = "<group>"; };
		F9C16AB81DC7168800E42309 /* Base */ = {isa = PBXFileReference; lastKnownFileType = file.storyboard; name = Base; path = Base.lproj/Main.storyboard; sourceTree = "<group>"; };
		F9C16ABA1DC7168800E42309 /* Assets.xcassets */ = {isa = PBXFileReference; lastKnownFileType = folder.assetcatalog; path = Assets.xcassets; sourceTree = "<group>"; };
		F9C16ABD1DC7168800E42309 /* Base */ = {isa = PBXFileReference; lastKnownFileType = file.storyboard; name = Base; path = Base.lproj/LaunchScreen.storyboard; sourceTree = "<group>"; };
		F9C16ABF1DC7168800E42309 /* Info.plist */ = {isa = PBXFileReference; lastKnownFileType = text.plist.xml; path = Info.plist; sourceTree = "<group>"; };
		F9C16AE71DC72E7000E42309 /* DemoCell.swift */ = {isa = PBXFileReference; fileEncoding = 4; lastKnownFileType = sourcecode.swift; path = DemoCell.swift; sourceTree = "<group>"; };
		F9C16AE81DC72E7000E42309 /* MainTableViewController.swift */ = {isa = PBXFileReference; fileEncoding = 4; lastKnownFileType = sourcecode.swift; path = MainTableViewController.swift; sourceTree = "<group>"; };
/* End PBXFileReference section */

/* Begin PBXFrameworksBuildPhase section */
		F9C16AAD1DC7168800E42309 /* Frameworks */ = {
			isa = PBXFrameworksBuildPhase;
			buildActionMask = 2147483647;
			files = (
				5F1E01510B0708DEC1DFEA57 /* Pods_ExampleFolingCell.framework in Frameworks */,
			);
			runOnlyForDeploymentPostprocessing = 0;
		};
/* End PBXFrameworksBuildPhase section */

/* Begin PBXGroup section */
		62DB0B457642CD6F44C8A076 /* Frameworks */ = {
			isa = PBXGroup;
			children = (
				DAD9706B58007006233A5F0E /* Pods_ExampleFolingCell.framework */,
			);
			name = Frameworks;
			sourceTree = "<group>";
		};
		C7CFC518A9782C3AA1749A6E /* Pods */ = {
			isa = PBXGroup;
			children = (
				7A6C7AA528E37E51DD60B89D /* Pods-ExampleFolingCell.debug.xcconfig */,
				01A5A1057E66AD55F785CE1F /* Pods-ExampleFolingCell.release.xcconfig */,
			);
			name = Pods;
			sourceTree = "<group>";
		};
		F9C16AA71DC7168800E42309 = {
			isa = PBXGroup;
			children = (
				F9C16AB21DC7168800E42309 /* ExampleFolingCell */,
				F9C16AB11DC7168800E42309 /* Products */,
				C7CFC518A9782C3AA1749A6E /* Pods */,
				62DB0B457642CD6F44C8A076 /* Frameworks */,
			);
			sourceTree = "<group>";
		};
		F9C16AB11DC7168800E42309 /* Products */ = {
			isa = PBXGroup;
			children = (
				F9C16AB01DC7168800E42309 /* ExampleFolingCell.app */,
			);
			name = Products;
			sourceTree = "<group>";
		};
		F9C16AB21DC7168800E42309 /* ExampleFolingCell */ = {
			isa = PBXGroup;
			children = (
				F9C16AB31DC7168800E42309 /* AppDelegate.swift */,
				F9C16AE71DC72E7000E42309 /* DemoCell.swift */,
				F9C16AE81DC72E7000E42309 /* MainTableViewController.swift */,
				F9C16AB71DC7168800E42309 /* Main.storyboard */,
				F9C16ABA1DC7168800E42309 /* Assets.xcassets */,
				F9C16ABC1DC7168800E42309 /* LaunchScreen.storyboard */,
				F9C16ABF1DC7168800E42309 /* Info.plist */,
			);
			path = ExampleFolingCell;
			sourceTree = "<group>";
		};
/* End PBXGroup section */

/* Begin PBXNativeTarget section */
		F9C16AAF1DC7168800E42309 /* ExampleFolingCell */ = {
			isa = PBXNativeTarget;
			buildConfigurationList = F9C16AC21DC7168800E42309 /* Build configuration list for PBXNativeTarget "ExampleFolingCell" */;
			buildPhases = (
				62326C558326C6C0891E42B7 /* 📦 Check Pods Manifest.lock */,
				F9C16AAC1DC7168800E42309 /* Sources */,
				F9C16AAD1DC7168800E42309 /* Frameworks */,
				F9C16AAE1DC7168800E42309 /* Resources */,
				726A2C5D1EA13B24CEEBC5F9 /* 📦 Embed Pods Frameworks */,
				B8FD94E766B53835D50E1BCE /* 📦 Copy Pods Resources */,
			);
			buildRules = (
			);
			dependencies = (
			);
			name = ExampleFolingCell;
			productName = ExampleFolingCell;
			productReference = F9C16AB01DC7168800E42309 /* ExampleFolingCell.app */;
			productType = "com.apple.product-type.application";
		};
/* End PBXNativeTarget section */

/* Begin PBXProject section */
		F9C16AA81DC7168800E42309 /* Project object */ = {
			isa = PBXProject;
			attributes = {
				LastSwiftUpdateCheck = 0810;
				LastUpgradeCheck = 0810;
				ORGANIZATIONNAME = "Cristopher A. Bautista Gómez";
				TargetAttributes = {
					F9C16AAF1DC7168800E42309 = {
						CreatedOnToolsVersion = 8.1;
						DevelopmentTeam = 8DJ3QNW9Y7;
						LastSwiftMigration = 0810;
						ProvisioningStyle = Automatic;
					};
				};
			};
			buildConfigurationList = F9C16AAB1DC7168800E42309 /* Build configuration list for PBXProject "ExampleFolingCell" */;
			compatibilityVersion = "Xcode 3.2";
			developmentRegion = English;
			hasScannedForEncodings = 0;
			knownRegions = (
				en,
				Base,
			);
			mainGroup = F9C16AA71DC7168800E42309;
			productRefGroup = F9C16AB11DC7168800E42309 /* Products */;
			projectDirPath = "";
			projectRoot = "";
			targets = (
				F9C16AAF1DC7168800E42309 /* ExampleFolingCell */,
			);
		};
/* End PBXProject section */

/* Begin PBXResourcesBuildPhase section */
		F9C16AAE1DC7168800E42309 /* Resources */ = {
			isa = PBXResourcesBuildPhase;
			buildActionMask = 2147483647;
			files = (
				F9C16ABE1DC7168800E42309 /* LaunchScreen.storyboard in Resources */,
				F9C16ABB1DC7168800E42309 /* Assets.xcassets in Resources */,
				F9C16AB91DC7168800E42309 /* Main.storyboard in Resources */,
			);
			runOnlyForDeploymentPostprocessing = 0;
		};
/* End PBXResourcesBuildPhase section */

/* Begin PBXShellScriptBuildPhase section */
		62326C558326C6C0891E42B7 /* 📦 Check Pods Manifest.lock */ = {
			isa = PBXShellScriptBuildPhase;
			buildActionMask = 2147483647;
			files = (
			);
			inputPaths = (
			);
			name = "📦 Check Pods Manifest.lock";
			outputPaths = (
			);
			runOnlyForDeploymentPostprocessing = 0;
			shellPath = /bin/sh;
			shellScript = "diff \"${PODS_ROOT}/../Podfile.lock\" \"${PODS_ROOT}/Manifest.lock\" > /dev/null\nif [[ $? != 0 ]] ; then\n    cat << EOM\nerror: The sandbox is not in sync with the Podfile.lock. Run 'pod install' or update your CocoaPods installation.\nEOM\n    exit 1\nfi\n";
			showEnvVarsInLog = 0;
		};
		726A2C5D1EA13B24CEEBC5F9 /* 📦 Embed Pods Frameworks */ = {
			isa = PBXShellScriptBuildPhase;
			buildActionMask = 2147483647;
			files = (
			);
			inputPaths = (
			);
			name = "📦 Embed Pods Frameworks";
			outputPaths = (
			);
			runOnlyForDeploymentPostprocessing = 0;
			shellPath = /bin/sh;
			shellScript = "\"${SRCROOT}/Pods/Target Support Files/Pods-ExampleFolingCell/Pods-ExampleFolingCell-frameworks.sh\"\n";
			showEnvVarsInLog = 0;
		};
		B8FD94E766B53835D50E1BCE /* 📦 Copy Pods Resources */ = {
			isa = PBXShellScriptBuildPhase;
			buildActionMask = 2147483647;
			files = (
			);
			inputPaths = (
			);
			name = "📦 Copy Pods Resources";
			outputPaths = (
			);
			runOnlyForDeploymentPostprocessing = 0;
			shellPath = /bin/sh;
			shellScript = "\"${SRCROOT}/Pods/Target Support Files/Pods-ExampleFolingCell/Pods-ExampleFolingCell-resources.sh\"\n";
			showEnvVarsInLog = 0;
		};
/* End PBXShellScriptBuildPhase section */

/* Begin PBXSourcesBuildPhase section */
		F9C16AAC1DC7168800E42309 /* Sources */ = {
			isa = PBXSourcesBuildPhase;
			buildActionMask = 2147483647;
			files = (
				F9C16AE91DC72E7000E42309 /* DemoCell.swift in Sources */,
				F9C16AEA1DC72E7000E42309 /* MainTableViewController.swift in Sources */,
				F9C16AB41DC7168800E42309 /* AppDelegate.swift in Sources */,
			);
			runOnlyForDeploymentPostprocessing = 0;
		};
/* End PBXSourcesBuildPhase section */

/* Begin PBXVariantGroup section */
		F9C16AB71DC7168800E42309 /* Main.storyboard */ = {
			isa = PBXVariantGroup;
			children = (
				F9C16AB81DC7168800E42309 /* Base */,
			);
			name = Main.storyboard;
			sourceTree = "<group>";
		};
		F9C16ABC1DC7168800E42309 /* LaunchScreen.storyboard */ = {
			isa = PBXVariantGroup;
			children = (
				F9C16ABD1DC7168800E42309 /* Base */,
			);
			name = LaunchScreen.storyboard;
			sourceTree = "<group>";
		};
/* End PBXVariantGroup section */

/* Begin XCBuildConfiguration section */
		F9C16AC01DC7168800E42309 /* Debug */ = {
			isa = XCBuildConfiguration;
			buildSettings = {
				ALWAYS_SEARCH_USER_PATHS = NO;
				CLANG_ANALYZER_NONNULL = YES;
				CLANG_CXX_LANGUAGE_STANDARD = "gnu++0x";
				CLANG_CXX_LIBRARY = "libc++";
				CLANG_ENABLE_MODULES = YES;
				CLANG_ENABLE_OBJC_ARC = YES;
				CLANG_WARN_BOOL_CONVERSION = YES;
				CLANG_WARN_CONSTANT_CONVERSION = YES;
				CLANG_WARN_DIRECT_OBJC_ISA_USAGE = YES_ERROR;
				CLANG_WARN_DOCUMENTATION_COMMENTS = YES;
				CLANG_WARN_EMPTY_BODY = YES;
				CLANG_WARN_ENUM_CONVERSION = YES;
				CLANG_WARN_INFINITE_RECURSION = YES;
				CLANG_WARN_INT_CONVERSION = YES;
				CLANG_WARN_OBJC_ROOT_CLASS = YES_ERROR;
				CLANG_WARN_SUSPICIOUS_MOVES = YES;
				CLANG_WARN_UNREACHABLE_CODE = YES;
				CLANG_WARN__DUPLICATE_METHOD_MATCH = YES;
				"CODE_SIGN_IDENTITY[sdk=iphoneos*]" = "iPhone Developer";
				COPY_PHASE_STRIP = NO;
				DEBUG_INFORMATION_FORMAT = dwarf;
				ENABLE_STRICT_OBJC_MSGSEND = YES;
				ENABLE_TESTABILITY = YES;
				GCC_C_LANGUAGE_STANDARD = gnu99;
				GCC_DYNAMIC_NO_PIC = NO;
				GCC_NO_COMMON_BLOCKS = YES;
				GCC_OPTIMIZATION_LEVEL = 0;
				GCC_PREPROCESSOR_DEFINITIONS = (
					"DEBUG=1",
					"$(inherited)",
				);
				GCC_WARN_64_TO_32_BIT_CONVERSION = YES;
				GCC_WARN_ABOUT_RETURN_TYPE = YES_ERROR;
				GCC_WARN_UNDECLARED_SELECTOR = YES;
				GCC_WARN_UNINITIALIZED_AUTOS = YES_AGGRESSIVE;
				GCC_WARN_UNUSED_FUNCTION = YES;
				GCC_WARN_UNUSED_VARIABLE = YES;
				IPHONEOS_DEPLOYMENT_TARGET = 10.1;
				MTL_ENABLE_DEBUG_INFO = YES;
				ONLY_ACTIVE_ARCH = YES;
				SDKROOT = iphoneos;
				SWIFT_ACTIVE_COMPILATION_CONDITIONS = DEBUG;
				SWIFT_OPTIMIZATION_LEVEL = "-Onone";
				TARGETED_DEVICE_FAMILY = "1,2";
			};
			name = Debug;
		};
		F9C16AC11DC7168800E42309 /* Release */ = {
			isa = XCBuildConfiguration;
			buildSettings = {
				ALWAYS_SEARCH_USER_PATHS = NO;
				CLANG_ANALYZER_NONNULL = YES;
				CLANG_CXX_LANGUAGE_STANDARD = "gnu++0x";
				CLANG_CXX_LIBRARY = "libc++";
				CLANG_ENABLE_MODULES = YES;
				CLANG_ENABLE_OBJC_ARC = YES;
				CLANG_WARN_BOOL_CONVERSION = YES;
				CLANG_WARN_CONSTANT_CONVERSION = YES;
				CLANG_WARN_DIRECT_OBJC_ISA_USAGE = YES_ERROR;
				CLANG_WARN_DOCUMENTATION_COMMENTS = YES;
				CLANG_WARN_EMPTY_BODY = YES;
				CLANG_WARN_ENUM_CONVERSION = YES;
				CLANG_WARN_INFINITE_RECURSION = YES;
				CLANG_WARN_INT_CONVERSION = YES;
				CLANG_WARN_OBJC_ROOT_CLASS = YES_ERROR;
				CLANG_WARN_SUSPICIOUS_MOVES = YES;
				CLANG_WARN_UNREACHABLE_CODE = YES;
				CLANG_WARN__DUPLICATE_METHOD_MATCH = YES;
				"CODE_SIGN_IDENTITY[sdk=iphoneos*]" = "iPhone Developer";
				COPY_PHASE_STRIP = NO;
				DEBUG_INFORMATION_FORMAT = "dwarf-with-dsym";
				ENABLE_NS_ASSERTIONS = NO;
				ENABLE_STRICT_OBJC_MSGSEND = YES;
				GCC_C_LANGUAGE_STANDARD = gnu99;
				GCC_NO_COMMON_BLOCKS = YES;
				GCC_WARN_64_TO_32_BIT_CONVERSION = YES;
				GCC_WARN_ABOUT_RETURN_TYPE = YES_ERROR;
				GCC_WARN_UNDECLARED_SELECTOR = YES;
				GCC_WARN_UNINITIALIZED_AUTOS = YES_AGGRESSIVE;
				GCC_WARN_UNUSED_FUNCTION = YES;
				GCC_WARN_UNUSED_VARIABLE = YES;
				IPHONEOS_DEPLOYMENT_TARGET = 10.1;
				MTL_ENABLE_DEBUG_INFO = NO;
				SDKROOT = iphoneos;
				SWIFT_OPTIMIZATION_LEVEL = "-Owholemodule";
				TARGETED_DEVICE_FAMILY = "1,2";
				VALIDATE_PRODUCT = YES;
			};
			name = Release;
		};
		F9C16AC31DC7168800E42309 /* Debug */ = {
			isa = XCBuildConfiguration;
			baseConfigurationReference = 7A6C7AA528E37E51DD60B89D /* Pods-ExampleFolingCell.debug.xcconfig */;
			buildSettings = {
				ASSETCATALOG_COMPILER_APPICON_NAME = AppIcon;
				DEVELOPMENT_TEAM = 8DJ3QNW9Y7;
				INFOPLIST_FILE = ExampleFolingCell/Info.plist;
				IPHONEOS_DEPLOYMENT_TARGET = 9.0;
				LD_RUNPATH_SEARCH_PATHS = "$(inherited) @executable_path/Frameworks";
				PRODUCT_BUNDLE_IDENTIFIER = xyz.cristopherbg.ExampleFolingCell;
				PRODUCT_NAME = "$(TARGET_NAME)";
				SWIFT_VERSION = 3.0;
			};
			name = Debug;
		};
		F9C16AC41DC7168800E42309 /* Release */ = {
			isa = XCBuildConfiguration;
			baseConfigurationReference = 01A5A1057E66AD55F785CE1F /* Pods-ExampleFolingCell.release.xcconfig */;
			buildSettings = {
				ASSETCATALOG_COMPILER_APPICON_NAME = AppIcon;
				DEVELOPMENT_TEAM = 8DJ3QNW9Y7;
				INFOPLIST_FILE = ExampleFolingCell/Info.plist;
				IPHONEOS_DEPLOYMENT_TARGET = 9.0;
				LD_RUNPATH_SEARCH_PATHS = "$(inherited) @executable_path/Frameworks";
				PRODUCT_BUNDLE_IDENTIFIER = xyz.cristopherbg.ExampleFolingCell;
				PRODUCT_NAME = "$(TARGET_NAME)";
				SWIFT_VERSION = 3.0;
			};
			name = Release;
		};
/* End XCBuildConfiguration section */

/* Begin XCConfigurationList section */
		F9C16AAB1DC7168800E42309 /* Build configuration list for PBXProject "ExampleFolingCell" */ = {
			isa = XCConfigurationList;
			buildConfigurations = (
				F9C16AC01DC7168800E42309 /* Debug */,
				F9C16AC11DC7168800E42309 /* Release */,
			);
			defaultConfigurationIsVisible = 0;
			defaultConfigurationName = Release;
		};
		F9C16AC21DC7168800E42309 /* Build configuration list for PBXNativeTarget "ExampleFolingCell" */ = {
			isa = XCConfigurationList;
			buildConfigurations = (
				F9C16AC31DC7168800E42309 /* Debug */,
				F9C16AC41DC7168800E42309 /* Release */,
			);
			defaultConfigurationIsVisible = 0;
			defaultConfigurationName = Release;
		};
/* End XCConfigurationList section */
	};
	rootObject = F9C16AA81DC7168800E42309 /* Project object */;
}
